// !$*UTF8*$!
{
	archiveVersion = 1;
	classes = {
	};
	objectVersion = 50;
	objects = {

/* Begin PBXBuildFile section */
		7B17A6BC24E8BF1300C1450C /* bobbleUniverse.json in Resources */ = {isa = PBXBuildFile; fileRef = 7B17A6BB24E8BF1300C1450C /* bobbleUniverse.json */; };
		7B382D5B24E55BE6009B98E2 /* BobbleTableViewCell.swift in Sources */ = {isa = PBXBuildFile; fileRef = 7B382D5A24E55BE6009B98E2 /* BobbleTableViewCell.swift */; };
		7B8BD8ED24EB810000BFED69 /* Messages.framework in Frameworks */ = {isa = PBXBuildFile; fileRef = 7B8BD8EC24EB810000BFED69 /* Messages.framework */; };
		7B8BD8F024EB810000BFED69 /* MessagesViewController.swift in Sources */ = {isa = PBXBuildFile; fileRef = 7B8BD8EF24EB810000BFED69 /* MessagesViewController.swift */; };
		7B8BD8F324EB810000BFED69 /* MainInterface.storyboard in Resources */ = {isa = PBXBuildFile; fileRef = 7B8BD8F124EB810000BFED69 /* MainInterface.storyboard */; };
		7B8BD8F524EB810300BFED69 /* Assets.xcassets in Resources */ = {isa = PBXBuildFile; fileRef = 7B8BD8F424EB810300BFED69 /* Assets.xcassets */; };
		7B8BD8F924EB810300BFED69 /* bobbleiMessageExtension.appex in Embed App Extensions */ = {isa = PBXBuildFile; fileRef = 7B8BD8EA24EB810000BFED69 /* bobbleiMessageExtension.appex */; settings = {ATTRIBUTES = (RemoveHeadersOnCopy, ); }; };
		7BBEEAE824ED5B3B007433A1 /* BobbleTableViewCellSmall.swift in Sources */ = {isa = PBXBuildFile; fileRef = 7BBEEAE724ED5B3B007433A1 /* BobbleTableViewCellSmall.swift */; };
		7BBEEAE924ED5B3B007433A1 /* BobbleTableViewCellSmall.swift in Sources */ = {isa = PBXBuildFile; fileRef = 7BBEEAE724ED5B3B007433A1 /* BobbleTableViewCellSmall.swift */; };
		7BBEEAEA24ED5C9C007433A1 /* Assets.xcassets in Resources */ = {isa = PBXBuildFile; fileRef = 7BD1D3EC24E54A1B00D78348 /* Assets.xcassets */; };
		7BCBAAC32510679F00CCE05B /* bobbleFramework.framework in Frameworks */ = {isa = PBXBuildFile; fileRef = 7BCBAAC12510679B00CCE05B /* bobbleFramework.framework */; };
		7BCBAAC42510679F00CCE05B /* bobbleFramework.framework in Embed Frameworks */ = {isa = PBXBuildFile; fileRef = 7BCBAAC12510679B00CCE05B /* bobbleFramework.framework */; settings = {ATTRIBUTES = (CodeSignOnCopy, RemoveHeadersOnCopy, ); }; };
		7BCBAAC7251067E400CCE05B /* myBobblesFramework.framework in Frameworks */ = {isa = PBXBuildFile; fileRef = 7BCBAAC5251067E100CCE05B /* myBobblesFramework.framework */; };
		7BCBAAC8251067E400CCE05B /* myBobblesFramework.framework in Embed Frameworks */ = {isa = PBXBuildFile; fileRef = 7BCBAAC5251067E100CCE05B /* myBobblesFramework.framework */; settings = {ATTRIBUTES = (CodeSignOnCopy, RemoveHeadersOnCopy, ); }; };
		7BCBAACB2510681D00CCE05B /* bobbleTransactionLogFramework.framework in Frameworks */ = {isa = PBXBuildFile; fileRef = 7BCBAAC92510681A00CCE05B /* bobbleTransactionLogFramework.framework */; };
		7BCBAACC2510681D00CCE05B /* bobbleTransactionLogFramework.framework in Embed Frameworks */ = {isa = PBXBuildFile; fileRef = 7BCBAAC92510681A00CCE05B /* bobbleTransactionLogFramework.framework */; settings = {ATTRIBUTES = (CodeSignOnCopy, RemoveHeadersOnCopy, ); }; };
		7BCBAACF2510687400CCE05B /* BobblePullTokenFramework.framework in Frameworks */ = {isa = PBXBuildFile; fileRef = 7BCBAACD2510684700CCE05B /* BobblePullTokenFramework.framework */; };
		7BCBAAD02510687400CCE05B /* BobblePullTokenFramework.framework in Embed Frameworks */ = {isa = PBXBuildFile; fileRef = 7BCBAACD2510684700CCE05B /* BobblePullTokenFramework.framework */; settings = {ATTRIBUTES = (CodeSignOnCopy, RemoveHeadersOnCopy, ); }; };
		7BCBAAD22510691A00CCE05B /* BobbleShelfViewController.swift in Sources */ = {isa = PBXBuildFile; fileRef = 7BCBAAD12510691A00CCE05B /* BobbleShelfViewController.swift */; };
		7BCBAAD42510695700CCE05B /* BobbleShelfSwiftUIView.swift in Sources */ = {isa = PBXBuildFile; fileRef = 7BCBAAD32510695700CCE05B /* BobbleShelfSwiftUIView.swift */; };
		7BCBAAD6251069A000CCE05B /* donut.dae in Resources */ = {isa = PBXBuildFile; fileRef = 7BCBAAD5251069A000CCE05B /* donut.dae */; };
		7BD1D3DF24E54A1900D78348 /* AppDelegate.swift in Sources */ = {isa = PBXBuildFile; fileRef = 7BD1D3DE24E54A1900D78348 /* AppDelegate.swift */; };
		7BD1D3E124E54A1900D78348 /* SceneDelegate.swift in Sources */ = {isa = PBXBuildFile; fileRef = 7BD1D3E024E54A1900D78348 /* SceneDelegate.swift */; };
		7BD1D3E324E54A1900D78348 /* BobbleViewController.swift in Sources */ = {isa = PBXBuildFile; fileRef = 7BD1D3E224E54A1900D78348 /* BobbleViewController.swift */; };
		7BD1D3E524E54A1900D78348 /* BobblePullViewController.swift in Sources */ = {isa = PBXBuildFile; fileRef = 7BD1D3E424E54A1900D78348 /* BobblePullViewController.swift */; };
		7BD1D3E824E54A1900D78348 /* Main.storyboard in Resources */ = {isa = PBXBuildFile; fileRef = 7BD1D3E624E54A1900D78348 /* Main.storyboard */; };
		7BD1D3EB24E54A1900D78348 /* bobble.xcdatamodeld in Sources */ = {isa = PBXBuildFile; fileRef = 7BD1D3E924E54A1900D78348 /* bobble.xcdatamodeld */; };
		7BD1D3ED24E54A1B00D78348 /* Assets.xcassets in Resources */ = {isa = PBXBuildFile; fileRef = 7BD1D3EC24E54A1B00D78348 /* Assets.xcassets */; };
		7BD1D3F024E54A1B00D78348 /* LaunchScreen.storyboard in Resources */ = {isa = PBXBuildFile; fileRef = 7BD1D3EE24E54A1B00D78348 /* LaunchScreen.storyboard */; };
		7BD1D3F824E54A9600D78348 /* BobbleShareViewController.swift in Sources */ = {isa = PBXBuildFile; fileRef = 7BD1D3F724E54A9600D78348 /* BobbleShareViewController.swift */; };
		7BD1D3FA24E54D2E00D78348 /* BobbleDetailViewController.swift in Sources */ = {isa = PBXBuildFile; fileRef = 7BD1D3F924E54D2E00D78348 /* BobbleDetailViewController.swift */; };
		7BFB14E02510FB0100C0CF19 /* bobble.dae in Resources */ = {isa = PBXBuildFile; fileRef = 7BFB14DF2510FB0100C0CF19 /* bobble.dae */; };
/* End PBXBuildFile section */

/* Begin PBXContainerItemProxy section */
		7B8BD8F724EB810300BFED69 /* PBXContainerItemProxy */ = {
			isa = PBXContainerItemProxy;
			containerPortal = 7BD1D3D324E54A1900D78348 /* Project object */;
			proxyType = 1;
			remoteGlobalIDString = 7B8BD8E924EB810000BFED69;
			remoteInfo = bobbleiMessageExtension;
		};
/* End PBXContainerItemProxy section */

/* Begin PBXCopyFilesBuildPhase section */
		7B8BD8FA24EB810300BFED69 /* Embed App Extensions */ = {
			isa = PBXCopyFilesBuildPhase;
			buildActionMask = 2147483647;
			dstPath = "";
			dstSubfolderSpec = 13;
			files = (
				7B8BD8F924EB810300BFED69 /* bobbleiMessageExtension.appex in Embed App Extensions */,
			);
			name = "Embed App Extensions";
			runOnlyForDeploymentPostprocessing = 0;
		};
		7BBEEA9C24ED52C0007433A1 /* Embed Frameworks */ = {
			isa = PBXCopyFilesBuildPhase;
			buildActionMask = 2147483647;
			dstPath = "";
			dstSubfolderSpec = 10;
			files = (
				7BCBAAD02510687400CCE05B /* BobblePullTokenFramework.framework in Embed Frameworks */,
				7BCBAAC8251067E400CCE05B /* myBobblesFramework.framework in Embed Frameworks */,
				7BCBAAC42510679F00CCE05B /* bobbleFramework.framework in Embed Frameworks */,
				7BCBAACC2510681D00CCE05B /* bobbleTransactionLogFramework.framework in Embed Frameworks */,
			);
			name = "Embed Frameworks";
			runOnlyForDeploymentPostprocessing = 0;
		};
/* End PBXCopyFilesBuildPhase section */

/* Begin PBXFileReference section */
		7B17A6BB24E8BF1300C1450C /* bobbleUniverse.json */ = {isa = PBXFileReference; lastKnownFileType = text.json; name = bobbleUniverse.json; path = bobble/bobbleUniverse.json; sourceTree = "<group>"; };
		7B382D5A24E55BE6009B98E2 /* BobbleTableViewCell.swift */ = {isa = PBXFileReference; lastKnownFileType = sourcecode.swift; path = BobbleTableViewCell.swift; sourceTree = "<group>"; };
		7B8BD8EA24EB810000BFED69 /* bobbleiMessageExtension.appex */ = {isa = PBXFileReference; explicitFileType = "wrapper.app-extension"; includeInIndex = 0; path = bobbleiMessageExtension.appex; sourceTree = BUILT_PRODUCTS_DIR; };
		7B8BD8EC24EB810000BFED69 /* Messages.framework */ = {isa = PBXFileReference; lastKnownFileType = wrapper.framework; name = Messages.framework; path = System/Library/Frameworks/Messages.framework; sourceTree = SDKROOT; };
		7B8BD8EF24EB810000BFED69 /* MessagesViewController.swift */ = {isa = PBXFileReference; lastKnownFileType = sourcecode.swift; path = MessagesViewController.swift; sourceTree = "<group>"; };
		7B8BD8F224EB810000BFED69 /* Base */ = {isa = PBXFileReference; lastKnownFileType = file.storyboard; name = Base; path = Base.lproj/MainInterface.storyboard; sourceTree = "<group>"; };
		7B8BD8F424EB810300BFED69 /* Assets.xcassets */ = {isa = PBXFileReference; lastKnownFileType = folder.assetcatalog; path = Assets.xcassets; sourceTree = "<group>"; };
		7B8BD8F624EB810300BFED69 /* Info.plist */ = {isa = PBXFileReference; lastKnownFileType = text.plist.xml; path = Info.plist; sourceTree = "<group>"; };
		7B8BD8FE24EB834B00BFED69 /* bobble.entitlements */ = {isa = PBXFileReference; lastKnownFileType = text.plist.entitlements; path = bobble.entitlements; sourceTree = "<group>"; };
		7B8BD8FF24EB845200BFED69 /* bobbleiMessageExtension.entitlements */ = {isa = PBXFileReference; lastKnownFileType = text.plist.entitlements; path = bobbleiMessageExtension.entitlements; sourceTree = "<group>"; };
		7BBEEAE724ED5B3B007433A1 /* BobbleTableViewCellSmall.swift */ = {isa = PBXFileReference; lastKnownFileType = sourcecode.swift; path = BobbleTableViewCellSmall.swift; sourceTree = "<group>"; };
		7BCBAAC12510679B00CCE05B /* bobbleFramework.framework */ = {isa = PBXFileReference; lastKnownFileType = wrapper.framework; path = bobbleFramework.framework; sourceTree = "<group>"; };
		7BCBAAC5251067E100CCE05B /* myBobblesFramework.framework */ = {isa = PBXFileReference; lastKnownFileType = wrapper.framework; path = myBobblesFramework.framework; sourceTree = "<group>"; };
		7BCBAAC92510681A00CCE05B /* bobbleTransactionLogFramework.framework */ = {isa = PBXFileReference; lastKnownFileType = wrapper.framework; path = bobbleTransactionLogFramework.framework; sourceTree = "<group>"; };
		7BCBAACD2510684700CCE05B /* BobblePullTokenFramework.framework */ = {isa = PBXFileReference; lastKnownFileType = wrapper.framework; path = BobblePullTokenFramework.framework; sourceTree = "<group>"; };
		7BCBAAD12510691A00CCE05B /* BobbleShelfViewController.swift */ = {isa = PBXFileReference; lastKnownFileType = sourcecode.swift; path = BobbleShelfViewController.swift; sourceTree = "<group>"; };
		7BCBAAD32510695700CCE05B /* BobbleShelfSwiftUIView.swift */ = {isa = PBXFileReference; lastKnownFileType = sourcecode.swift; path = BobbleShelfSwiftUIView.swift; sourceTree = "<group>"; };
		7BCBAAD5251069A000CCE05B /* donut.dae */ = {isa = PBXFileReference; fileEncoding = 4; lastKnownFileType = text.xml.dae; path = donut.dae; sourceTree = "<group>"; };
		7BD1D3DB24E54A1900D78348 /* bobble.app */ = {isa = PBXFileReference; explicitFileType = wrapper.application; includeInIndex = 0; path = bobble.app; sourceTree = BUILT_PRODUCTS_DIR; };
		7BD1D3DE24E54A1900D78348 /* AppDelegate.swift */ = {isa = PBXFileReference; lastKnownFileType = sourcecode.swift; path = AppDelegate.swift; sourceTree = "<group>"; };
		7BD1D3E024E54A1900D78348 /* SceneDelegate.swift */ = {isa = PBXFileReference; lastKnownFileType = sourcecode.swift; path = SceneDelegate.swift; sourceTree = "<group>"; };
		7BD1D3E224E54A1900D78348 /* BobbleViewController.swift */ = {isa = PBXFileReference; lastKnownFileType = sourcecode.swift; path = BobbleViewController.swift; sourceTree = "<group>"; };
		7BD1D3E424E54A1900D78348 /* BobblePullViewController.swift */ = {isa = PBXFileReference; lastKnownFileType = sourcecode.swift; path = BobblePullViewController.swift; sourceTree = "<group>"; };
		7BD1D3E724E54A1900D78348 /* Base */ = {isa = PBXFileReference; lastKnownFileType = file.storyboard; name = Base; path = Base.lproj/Main.storyboard; sourceTree = "<group>"; };
		7BD1D3EA24E54A1900D78348 /* bauble.xcdatamodel */ = {isa = PBXFileReference; lastKnownFileType = wrapper.xcdatamodel; path = bauble.xcdatamodel; sourceTree = "<group>"; };
		7BD1D3EC24E54A1B00D78348 /* Assets.xcassets */ = {isa = PBXFileReference; lastKnownFileType = folder.assetcatalog; path = Assets.xcassets; sourceTree = "<group>"; };
		7BD1D3EF24E54A1B00D78348 /* Base */ = {isa = PBXFileReference; lastKnownFileType = file.storyboard; name = Base; path = Base.lproj/LaunchScreen.storyboard; sourceTree = "<group>"; };
		7BD1D3F124E54A1B00D78348 /* Info.plist */ = {isa = PBXFileReference; lastKnownFileType = text.plist.xml; path = Info.plist; sourceTree = "<group>"; };
		7BD1D3F724E54A9600D78348 /* BobbleShareViewController.swift */ = {isa = PBXFileReference; lastKnownFileType = sourcecode.swift; path = BobbleShareViewController.swift; sourceTree = "<group>"; };
		7BD1D3F924E54D2E00D78348 /* BobbleDetailViewController.swift */ = {isa = PBXFileReference; lastKnownFileType = sourcecode.swift; path = BobbleDetailViewController.swift; sourceTree = "<group>"; };
		7BFB14DF2510FB0100C0CF19 /* bobble.dae */ = {isa = PBXFileReference; fileEncoding = 4; lastKnownFileType = text.xml.dae; path = bobble.dae; sourceTree = "<group>"; };
/* End PBXFileReference section */

/* Begin PBXFrameworksBuildPhase section */
		7B8BD8E724EB810000BFED69 /* Frameworks */ = {
			isa = PBXFrameworksBuildPhase;
			buildActionMask = 2147483647;
			files = (
				7B8BD8ED24EB810000BFED69 /* Messages.framework in Frameworks */,
			);
			runOnlyForDeploymentPostprocessing = 0;
		};
		7BD1D3D824E54A1900D78348 /* Frameworks */ = {
			isa = PBXFrameworksBuildPhase;
			buildActionMask = 2147483647;
			files = (
				7BCBAACF2510687400CCE05B /* BobblePullTokenFramework.framework in Frameworks */,
				7BCBAAC7251067E400CCE05B /* myBobblesFramework.framework in Frameworks */,
				7BCBAAC32510679F00CCE05B /* bobbleFramework.framework in Frameworks */,
				7BCBAACB2510681D00CCE05B /* bobbleTransactionLogFramework.framework in Frameworks */,
			);
			runOnlyForDeploymentPostprocessing = 0;
		};
/* End PBXFrameworksBuildPhase section */

/* Begin PBXGroup section */
		7B8BD8EB24EB810000BFED69 /* Frameworks */ = {
			isa = PBXGroup;
			children = (
				7B8BD8EC24EB810000BFED69 /* Messages.framework */,
			);
			name = Frameworks;
			sourceTree = "<group>";
		};
		7B8BD8EE24EB810000BFED69 /* bobbleiMessageExtension */ = {
			isa = PBXGroup;
			children = (
				7B8BD8FF24EB845200BFED69 /* bobbleiMessageExtension.entitlements */,
				7B8BD8EF24EB810000BFED69 /* MessagesViewController.swift */,
				7B8BD8F124EB810000BFED69 /* MainInterface.storyboard */,
				7B8BD8F424EB810300BFED69 /* Assets.xcassets */,
				7B8BD8F624EB810300BFED69 /* Info.plist */,
				7BBEEAE724ED5B3B007433A1 /* BobbleTableViewCellSmall.swift */,
			);
			path = bobbleiMessageExtension;
			sourceTree = "<group>";
		};
		7BD1D3D224E54A1900D78348 = {
			isa = PBXGroup;
			children = (
				7BCBAACD2510684700CCE05B /* BobblePullTokenFramework.framework */,
				7BCBAAC92510681A00CCE05B /* bobbleTransactionLogFramework.framework */,
				7BCBAAC5251067E100CCE05B /* myBobblesFramework.framework */,
				7BCBAAC12510679B00CCE05B /* bobbleFramework.framework */,
				7B17A6BB24E8BF1300C1450C /* bobbleUniverse.json */,
				7BD1D3DD24E54A1900D78348 /* bobble */,
				7B8BD8EE24EB810000BFED69 /* bobbleiMessageExtension */,
				7B8BD8EB24EB810000BFED69 /* Frameworks */,
				7BD1D3DC24E54A1900D78348 /* Products */,
			);
			sourceTree = "<group>";
		};
		7BD1D3DC24E54A1900D78348 /* Products */ = {
			isa = PBXGroup;
			children = (
				7BD1D3DB24E54A1900D78348 /* bobble.app */,
				7B8BD8EA24EB810000BFED69 /* bobbleiMessageExtension.appex */,
			);
			name = Products;
			sourceTree = "<group>";
		};
		7BD1D3DD24E54A1900D78348 /* bobble */ = {
			isa = PBXGroup;
			children = (
				7BFB14DF2510FB0100C0CF19 /* bobble.dae */,
				7BCBAAD5251069A000CCE05B /* donut.dae */,
				7B8BD8FE24EB834B00BFED69 /* bobble.entitlements */,
				7BD1D3DE24E54A1900D78348 /* AppDelegate.swift */,
				7BD1D3E024E54A1900D78348 /* SceneDelegate.swift */,
				7BD1D3E224E54A1900D78348 /* BobbleViewController.swift */,
				7BD1D3E424E54A1900D78348 /* BobblePullViewController.swift */,
				7BD1D3F724E54A9600D78348 /* BobbleShareViewController.swift */,
				7BD1D3F924E54D2E00D78348 /* BobbleDetailViewController.swift */,
				7BD1D3E624E54A1900D78348 /* Main.storyboard */,
				7BCBAAD12510691A00CCE05B /* BobbleShelfViewController.swift */,
				7BCBAAD32510695700CCE05B /* BobbleShelfSwiftUIView.swift */,
				7B382D5A24E55BE6009B98E2 /* BobbleTableViewCell.swift */,
				7BD1D3EC24E54A1B00D78348 /* Assets.xcassets */,
				7BD1D3EE24E54A1B00D78348 /* LaunchScreen.storyboard */,
				7BD1D3F124E54A1B00D78348 /* Info.plist */,
				7BD1D3E924E54A1900D78348 /* bobble.xcdatamodeld */,
			);
			path = bobble;
			sourceTree = "<group>";
		};
/* End PBXGroup section */

/* Begin PBXNativeTarget section */
		7B8BD8E924EB810000BFED69 /* bobbleiMessageExtension */ = {
			isa = PBXNativeTarget;
			buildConfigurationList = 7B8BD8FD24EB810300BFED69 /* Build configuration list for PBXNativeTarget "bobbleiMessageExtension" */;
			buildPhases = (
				7B8BD8E624EB810000BFED69 /* Sources */,
				7B8BD8E724EB810000BFED69 /* Frameworks */,
				7B8BD8E824EB810000BFED69 /* Resources */,
			);
			buildRules = (
			);
			dependencies = (
			);
			name = bobbleiMessageExtension;
			productName = bobbleiMessageExtension;
			productReference = 7B8BD8EA24EB810000BFED69 /* bobbleiMessageExtension.appex */;
			productType = "com.apple.product-type.app-extension.messages";
		};
		7BD1D3DA24E54A1900D78348 /* bobble */ = {
			isa = PBXNativeTarget;
			buildConfigurationList = 7BD1D3F424E54A1B00D78348 /* Build configuration list for PBXNativeTarget "bobble" */;
			buildPhases = (
				7BD1D3D724E54A1900D78348 /* Sources */,
				7BD1D3D824E54A1900D78348 /* Frameworks */,
				7BD1D3D924E54A1900D78348 /* Resources */,
				7B8BD8FA24EB810300BFED69 /* Embed App Extensions */,
				7BBEEA9C24ED52C0007433A1 /* Embed Frameworks */,
			);
			buildRules = (
			);
			dependencies = (
				7B8BD8F824EB810300BFED69 /* PBXTargetDependency */,
			);
			name = bobble;
			productName = bauble;
			productReference = 7BD1D3DB24E54A1900D78348 /* bobble.app */;
			productType = "com.apple.product-type.application";
		};
/* End PBXNativeTarget section */

/* Begin PBXProject section */
		7BD1D3D324E54A1900D78348 /* Project object */ = {
			isa = PBXProject;
			attributes = {
				LastSwiftUpdateCheck = 1120;
				LastUpgradeCheck = 1120;
				ORGANIZATIONNAME = "Mikalangelo Wessel";
				TargetAttributes = {
					7B8BD8E924EB810000BFED69 = {
						CreatedOnToolsVersion = 11.2.1;
					};
					7BD1D3DA24E54A1900D78348 = {
						CreatedOnToolsVersion = 11.2.1;
					};
				};
			};
			buildConfigurationList = 7BD1D3D624E54A1900D78348 /* Build configuration list for PBXProject "bobble" */;
			compatibilityVersion = "Xcode 9.3";
			developmentRegion = en;
			hasScannedForEncodings = 0;
			knownRegions = (
				en,
				Base,
			);
			mainGroup = 7BD1D3D224E54A1900D78348;
			productRefGroup = 7BD1D3DC24E54A1900D78348 /* Products */;
			projectDirPath = "";
			projectRoot = "";
			targets = (
				7BD1D3DA24E54A1900D78348 /* bobble */,
				7B8BD8E924EB810000BFED69 /* bobbleiMessageExtension */,
			);
		};
/* End PBXProject section */

/* Begin PBXResourcesBuildPhase section */
		7B8BD8E824EB810000BFED69 /* Resources */ = {
			isa = PBXResourcesBuildPhase;
			buildActionMask = 2147483647;
			files = (
				7B8BD8F524EB810300BFED69 /* Assets.xcassets in Resources */,
				7BBEEAEA24ED5C9C007433A1 /* Assets.xcassets in Resources */,
				7B8BD8F324EB810000BFED69 /* MainInterface.storyboard in Resources */,
			);
			runOnlyForDeploymentPostprocessing = 0;
		};
		7BD1D3D924E54A1900D78348 /* Resources */ = {
			isa = PBXResourcesBuildPhase;
			buildActionMask = 2147483647;
			files = (
				7BD1D3F024E54A1B00D78348 /* LaunchScreen.storyboard in Resources */,
				7BD1D3ED24E54A1B00D78348 /* Assets.xcassets in Resources */,
				7BFB14E02510FB0100C0CF19 /* bobble.dae in Resources */,
				7BCBAAD6251069A000CCE05B /* donut.dae in Resources */,
				7B17A6BC24E8BF1300C1450C /* bobbleUniverse.json in Resources */,
				7BD1D3E824E54A1900D78348 /* Main.storyboard in Resources */,
			);
			runOnlyForDeploymentPostprocessing = 0;
		};
/* End PBXResourcesBuildPhase section */

/* Begin PBXSourcesBuildPhase section */
		7B8BD8E624EB810000BFED69 /* Sources */ = {
			isa = PBXSourcesBuildPhase;
			buildActionMask = 2147483647;
			files = (
				7B8BD8F024EB810000BFED69 /* MessagesViewController.swift in Sources */,
				7BBEEAE924ED5B3B007433A1 /* BobbleTableViewCellSmall.swift in Sources */,
			);
			runOnlyForDeploymentPostprocessing = 0;
		};
		7BD1D3D724E54A1900D78348 /* Sources */ = {
			isa = PBXSourcesBuildPhase;
			buildActionMask = 2147483647;
			files = (
				7BBEEAE824ED5B3B007433A1 /* BobbleTableViewCellSmall.swift in Sources */,
				7BD1D3E524E54A1900D78348 /* BobblePullViewController.swift in Sources */,
				7BD1D3F824E54A9600D78348 /* BobbleShareViewController.swift in Sources */,
				7BCBAAD42510695700CCE05B /* BobbleShelfSwiftUIView.swift in Sources */,
				7BCBAAD22510691A00CCE05B /* BobbleShelfViewController.swift in Sources */,
				7BD1D3FA24E54D2E00D78348 /* BobbleDetailViewController.swift in Sources */,
				7BD1D3EB24E54A1900D78348 /* bobble.xcdatamodeld in Sources */,
				7BD1D3E324E54A1900D78348 /* BobbleViewController.swift in Sources */,
				7B382D5B24E55BE6009B98E2 /* BobbleTableViewCell.swift in Sources */,
				7BD1D3DF24E54A1900D78348 /* AppDelegate.swift in Sources */,
				7BD1D3E124E54A1900D78348 /* SceneDelegate.swift in Sources */,
			);
			runOnlyForDeploymentPostprocessing = 0;
		};
/* End PBXSourcesBuildPhase section */

/* Begin PBXTargetDependency section */
		7B8BD8F824EB810300BFED69 /* PBXTargetDependency */ = {
			isa = PBXTargetDependency;
			target = 7B8BD8E924EB810000BFED69 /* bobbleiMessageExtension */;
			targetProxy = 7B8BD8F724EB810300BFED69 /* PBXContainerItemProxy */;
		};
/* End PBXTargetDependency section */

/* Begin PBXVariantGroup section */
		7B8BD8F124EB810000BFED69 /* MainInterface.storyboard */ = {
			isa = PBXVariantGroup;
			children = (
				7B8BD8F224EB810000BFED69 /* Base */,
			);
			name = MainInterface.storyboard;
			sourceTree = "<group>";
		};
		7BD1D3E624E54A1900D78348 /* Main.storyboard */ = {
			isa = PBXVariantGroup;
			children = (
				7BD1D3E724E54A1900D78348 /* Base */,
			);
			name = Main.storyboard;
			sourceTree = "<group>";
		};
		7BD1D3EE24E54A1B00D78348 /* LaunchScreen.storyboard */ = {
			isa = PBXVariantGroup;
			children = (
				7BD1D3EF24E54A1B00D78348 /* Base */,
			);
			name = LaunchScreen.storyboard;
			sourceTree = "<group>";
		};
/* End PBXVariantGroup section */

/* Begin XCBuildConfiguration section */
		7B8BD8FB24EB810300BFED69 /* Debug */ = {
			isa = XCBuildConfiguration;
			buildSettings = {
				ASSETCATALOG_COMPILER_APPICON_NAME = "iMessage App Icon";
				CODE_SIGN_ENTITLEMENTS = bobbleiMessageExtension/bobbleiMessageExtension.entitlements;
				CODE_SIGN_STYLE = Automatic;
				CURRENT_PROJECT_VERSION = 2;
				DEVELOPMENT_TEAM = 5JJ78NJHCL;
				FRAMEWORK_SEARCH_PATHS = (
					"$(inherited)",
					"$(PROJECT_DIR)",
				);
				INFOPLIST_FILE = bobbleiMessageExtension/Info.plist;
				LD_RUNPATH_SEARCH_PATHS = (
					"$(inherited)",
					"@executable_path/Frameworks",
					"@executable_path/../../Frameworks",
				);
				PRODUCT_BUNDLE_IDENTIFIER = mikalanthony.bobble.bobbleiMessageExtension;
				PRODUCT_NAME = "$(TARGET_NAME)";
				SKIP_INSTALL = YES;
				SWIFT_VERSION = 5.0;
				TARGETED_DEVICE_FAMILY = "1,2";
			};
			name = Debug;
		};
		7B8BD8FC24EB810300BFED69 /* Release */ = {
			isa = XCBuildConfiguration;
			buildSettings = {
				ASSETCATALOG_COMPILER_APPICON_NAME = "iMessage App Icon";
				CODE_SIGN_ENTITLEMENTS = bobbleiMessageExtension/bobbleiMessageExtension.entitlements;
				CODE_SIGN_STYLE = Automatic;
				CURRENT_PROJECT_VERSION = 2;
				DEVELOPMENT_TEAM = 5JJ78NJHCL;
				FRAMEWORK_SEARCH_PATHS = (
					"$(inherited)",
					"$(PROJECT_DIR)",
				);
				INFOPLIST_FILE = bobbleiMessageExtension/Info.plist;
				LD_RUNPATH_SEARCH_PATHS = (
					"$(inherited)",
					"@executable_path/Frameworks",
					"@executable_path/../../Frameworks",
				);
				PRODUCT_BUNDLE_IDENTIFIER = mikalanthony.bobble.bobbleiMessageExtension;
				PRODUCT_NAME = "$(TARGET_NAME)";
				SKIP_INSTALL = YES;
				SWIFT_VERSION = 5.0;
				TARGETED_DEVICE_FAMILY = "1,2";
			};
			name = Release;
		};
		7BD1D3F224E54A1B00D78348 /* Debug */ = {
			isa = XCBuildConfiguration;
			buildSettings = {
				ALWAYS_SEARCH_USER_PATHS = NO;
				CLANG_ANALYZER_NONNULL = YES;
				CLANG_ANALYZER_NUMBER_OBJECT_CONVERSION = YES_AGGRESSIVE;
				CLANG_CXX_LANGUAGE_STANDARD = "gnu++14";
				CLANG_CXX_LIBRARY = "libc++";
				CLANG_ENABLE_MODULES = YES;
				CLANG_ENABLE_OBJC_ARC = YES;
				CLANG_ENABLE_OBJC_WEAK = YES;
				CLANG_WARN_BLOCK_CAPTURE_AUTORELEASING = YES;
				CLANG_WARN_BOOL_CONVERSION = YES;
				CLANG_WARN_COMMA = YES;
				CLANG_WARN_CONSTANT_CONVERSION = YES;
				CLANG_WARN_DEPRECATED_OBJC_IMPLEMENTATIONS = YES;
				CLANG_WARN_DIRECT_OBJC_ISA_USAGE = YES_ERROR;
				CLANG_WARN_DOCUMENTATION_COMMENTS = YES;
				CLANG_WARN_EMPTY_BODY = YES;
				CLANG_WARN_ENUM_CONVERSION = YES;
				CLANG_WARN_INFINITE_RECURSION = YES;
				CLANG_WARN_INT_CONVERSION = YES;
				CLANG_WARN_NON_LITERAL_NULL_CONVERSION = YES;
				CLANG_WARN_OBJC_IMPLICIT_RETAIN_SELF = YES;
				CLANG_WARN_OBJC_LITERAL_CONVERSION = YES;
				CLANG_WARN_OBJC_ROOT_CLASS = YES_ERROR;
				CLANG_WARN_RANGE_LOOP_ANALYSIS = YES;
				CLANG_WARN_STRICT_PROTOTYPES = YES;
				CLANG_WARN_SUSPICIOUS_MOVE = YES;
				CLANG_WARN_UNGUARDED_AVAILABILITY = YES_AGGRESSIVE;
				CLANG_WARN_UNREACHABLE_CODE = YES;
				CLANG_WARN__DUPLICATE_METHOD_MATCH = YES;
				COPY_PHASE_STRIP = NO;
				DEBUG_INFORMATION_FORMAT = dwarf;
				ENABLE_STRICT_OBJC_MSGSEND = YES;
				ENABLE_TESTABILITY = YES;
				GCC_C_LANGUAGE_STANDARD = gnu11;
				GCC_DYNAMIC_NO_PIC = NO;
				GCC_NO_COMMON_BLOCKS = YES;
				GCC_OPTIMIZATION_LEVEL = 0;
				GCC_PREPROCESSOR_DEFINITIONS = (
					"DEBUG=1",
					"$(inherited)",
				);
				GCC_WARN_64_TO_32_BIT_CONVERSION = YES;
				GCC_WARN_ABOUT_RETURN_TYPE = YES_ERROR;
				GCC_WARN_UNDECLARED_SELECTOR = YES;
				GCC_WARN_UNINITIALIZED_AUTOS = YES_AGGRESSIVE;
				GCC_WARN_UNUSED_FUNCTION = YES;
				GCC_WARN_UNUSED_VARIABLE = YES;
				IPHONEOS_DEPLOYMENT_TARGET = 13.2;
				MTL_ENABLE_DEBUG_INFO = INCLUDE_SOURCE;
				MTL_FAST_MATH = YES;
				ONLY_ACTIVE_ARCH = YES;
				SDKROOT = iphoneos;
				SWIFT_ACTIVE_COMPILATION_CONDITIONS = DEBUG;
				SWIFT_OPTIMIZATION_LEVEL = "-Onone";
			};
			name = Debug;
		};
		7BD1D3F324E54A1B00D78348 /* Release */ = {
			isa = XCBuildConfiguration;
			buildSettings = {
				ALWAYS_SEARCH_USER_PATHS = NO;
				CLANG_ANALYZER_NONNULL = YES;
				CLANG_ANALYZER_NUMBER_OBJECT_CONVERSION = YES_AGGRESSIVE;
				CLANG_CXX_LANGUAGE_STANDARD = "gnu++14";
				CLANG_CXX_LIBRARY = "libc++";
				CLANG_ENABLE_MODULES = YES;
				CLANG_ENABLE_OBJC_ARC = YES;
				CLANG_ENABLE_OBJC_WEAK = YES;
				CLANG_WARN_BLOCK_CAPTURE_AUTORELEASING = YES;
				CLANG_WARN_BOOL_CONVERSION = YES;
				CLANG_WARN_COMMA = YES;
				CLANG_WARN_CONSTANT_CONVERSION = YES;
				CLANG_WARN_DEPRECATED_OBJC_IMPLEMENTATIONS = YES;
				CLANG_WARN_DIRECT_OBJC_ISA_USAGE = YES_ERROR;
				CLANG_WARN_DOCUMENTATION_COMMENTS = YES;
				CLANG_WARN_EMPTY_BODY = YES;
				CLANG_WARN_ENUM_CONVERSION = YES;
				CLANG_WARN_INFINITE_RECURSION = YES;
				CLANG_WARN_INT_CONVERSION = YES;
				CLANG_WARN_NON_LITERAL_NULL_CONVERSION = YES;
				CLANG_WARN_OBJC_IMPLICIT_RETAIN_SELF = YES;
				CLANG_WARN_OBJC_LITERAL_CONVERSION = YES;
				CLANG_WARN_OBJC_ROOT_CLASS = YES_ERROR;
				CLANG_WARN_RANGE_LOOP_ANALYSIS = YES;
				CLANG_WARN_STRICT_PROTOTYPES = YES;
				CLANG_WARN_SUSPICIOUS_MOVE = YES;
				CLANG_WARN_UNGUARDED_AVAILABILITY = YES_AGGRESSIVE;
				CLANG_WARN_UNREACHABLE_CODE = YES;
				CLANG_WARN__DUPLICATE_METHOD_MATCH = YES;
				COPY_PHASE_STRIP = NO;
				DEBUG_INFORMATION_FORMAT = "dwarf-with-dsym";
				ENABLE_NS_ASSERTIONS = NO;
				ENABLE_STRICT_OBJC_MSGSEND = YES;
				GCC_C_LANGUAGE_STANDARD = gnu11;
				GCC_NO_COMMON_BLOCKS = YES;
				GCC_WARN_64_TO_32_BIT_CONVERSION = YES;
				GCC_WARN_ABOUT_RETURN_TYPE = YES_ERROR;
				GCC_WARN_UNDECLARED_SELECTOR = YES;
				GCC_WARN_UNINITIALIZED_AUTOS = YES_AGGRESSIVE;
				GCC_WARN_UNUSED_FUNCTION = YES;
				GCC_WARN_UNUSED_VARIABLE = YES;
				IPHONEOS_DEPLOYMENT_TARGET = 13.2;
				MTL_ENABLE_DEBUG_INFO = NO;
				MTL_FAST_MATH = YES;
				SDKROOT = iphoneos;
				SWIFT_COMPILATION_MODE = wholemodule;
				SWIFT_OPTIMIZATION_LEVEL = "-O";
				VALIDATE_PRODUCT = YES;
			};
			name = Release;
		};
		7BD1D3F524E54A1B00D78348 /* Debug */ = {
			isa = XCBuildConfiguration;
			buildSettings = {
				ALWAYS_EMBED_SWIFT_STANDARD_LIBRARIES = YES;
				ASSETCATALOG_COMPILER_APPICON_NAME = AppIcon;
				CODE_SIGN_ENTITLEMENTS = bobble/bobble.entitlements;
				CODE_SIGN_STYLE = Automatic;
				CURRENT_PROJECT_VERSION = 2;
				DEVELOPMENT_TEAM = 5JJ78NJHCL;
				FRAMEWORK_SEARCH_PATHS = (
					"$(inherited)",
					"$(PROJECT_DIR)",
				);
				INFOPLIST_FILE = bobble/Info.plist;
				LD_RUNPATH_SEARCH_PATHS = (
					"$(inherited)",
					"@executable_path/Frameworks",
				);
				PRODUCT_BUNDLE_IDENTIFIER = mikalanthony.bobble;
				PRODUCT_NAME = bobble;
				SWIFT_VERSION = 5.0;
				TARGETED_DEVICE_FAMILY = "1,2";
			};
			name = Debug;
		};
		7BD1D3F624E54A1B00D78348 /* Release */ = {
			isa = XCBuildConfiguration;
			buildSettings = {
				ALWAYS_EMBED_SWIFT_STANDARD_LIBRARIES = YES;
				ASSETCATALOG_COMPILER_APPICON_NAME = AppIcon;
				CODE_SIGN_ENTITLEMENTS = bobble/bobble.entitlements;
				CODE_SIGN_STYLE = Automatic;
				CURRENT_PROJECT_VERSION = 2;
				DEVELOPMENT_TEAM = 5JJ78NJHCL;
				FRAMEWORK_SEARCH_PATHS = (
					"$(inherited)",
					"$(PROJECT_DIR)",
				);
				INFOPLIST_FILE = bobble/Info.plist;
				LD_RUNPATH_SEARCH_PATHS = (
					"$(inherited)",
					"@executable_path/Frameworks",
				);
				PRODUCT_BUNDLE_IDENTIFIER = mikalanthony.bobble;
				PRODUCT_NAME = bobble;
				SWIFT_VERSION = 5.0;
				TARGETED_DEVICE_FAMILY = "1,2";
			};
			name = Release;
		};
/* End XCBuildConfiguration section */

/* Begin XCConfigurationList section */
		7B8BD8FD24EB810300BFED69 /* Build configuration list for PBXNativeTarget "bobbleiMessageExtension" */ = {
			isa = XCConfigurationList;
			buildConfigurations = (
				7B8BD8FB24EB810300BFED69 /* Debug */,
				7B8BD8FC24EB810300BFED69 /* Release */,
			);
			defaultConfigurationIsVisible = 0;
			defaultConfigurationName = Release;
		};
		7BD1D3D624E54A1900D78348 /* Build configuration list for PBXProject "bobble" */ = {
			isa = XCConfigurationList;
			buildConfigurations = (
				7BD1D3F224E54A1B00D78348 /* Debug */,
				7BD1D3F324E54A1B00D78348 /* Release */,
			);
			defaultConfigurationIsVisible = 0;
			defaultConfigurationName = Release;
		};
		7BD1D3F424E54A1B00D78348 /* Build configuration list for PBXNativeTarget "bobble" */ = {
			isa = XCConfigurationList;
			buildConfigurations = (
				7BD1D3F524E54A1B00D78348 /* Debug */,
				7BD1D3F624E54A1B00D78348 /* Release */,
			);
			defaultConfigurationIsVisible = 0;
			defaultConfigurationName = Release;
		};
/* End XCConfigurationList section */

/* Begin XCVersionGroup section */
		7BD1D3E924E54A1900D78348 /* bobble.xcdatamodeld */ = {
			isa = XCVersionGroup;
			children = (
				7BD1D3EA24E54A1900D78348 /* bauble.xcdatamodel */,
			);
			currentVersion = 7BD1D3EA24E54A1900D78348 /* bauble.xcdatamodel */;
			path = bobble.xcdatamodeld;
			sourceTree = "<group>";
			versionGroupType = wrapper.xcdatamodel;
		};
/* End XCVersionGroup section */
	};
	rootObject = 7BD1D3D324E54A1900D78348 /* Project object */;
}
